
Microsoft Visual Studio Solution File, Format Version 12.00
# Visual Studio Version 16
VisualStudioVersion = 16.0.32106.194
MinimumVisualStudioVersion = 10.0.40219.1
Project("{FAE04EC0-301F-11D3-BF4B-00C04F79EFBC}") = "035. reciprok", "035. reciprok\035. reciprok.csproj", "{26C7A56E-C91C-414A-B7A5-58C6CD2D9FC3}"
EndProject
Global
	GlobalSection(SolutionConfigurationPlatforms) = preSolution
		Debug|Any CPU = Debug|Any CPU
		Release|Any CPU = Release|Any CPU
	EndGlobalSection
	GlobalSection(ProjectConfigurationPlatforms) = postSolution
		{26C7A56E-C91C-414A-B7A5-58C6CD2D9FC3}.Debug|Any CPU.ActiveCfg = Debug|Any CPU
		{26C7A56E-C91C-414A-B7A5-58C6CD2D9FC3}.Debug|Any CPU.Build.0 = Debug|Any CPU
		{26C7A56E-C91C-414A-B7A5-58C6CD2D9FC3}.Release|Any CPU.ActiveCfg = Release|Any CPU
		{26C7A56E-C91C-414A-B7A5-58C6CD2D9FC3}.Release|Any CPU.Build.0 = Release|Any CPU
	EndGlobalSection
	GlobalSection(SolutionProperties) = preSolution
		HideSolutionNode = FALSE
	EndGlobalSection
	GlobalSection(ExtensibilityGlobals) = postSolution
		SolutionGuid = {13993647-0CA8-478C-9CFA-31E55AE89F58}
	EndGlobalSection
EndGlobal
